
Microsoft Visual Studio Solution File, Format Version 12.00
# Visual Studio Version 17
VisualStudioVersion = 17.9.34607.119
MinimumVisualStudioVersion = 10.0.40219.1
Project("{FAE04EC0-301F-11D3-BF4B-00C04F79EFBC}") = "PROG7311POEPART2", "PROG7311POEPART2\PROG7311POEPART2.csproj", "{BC83A3F4-D808-4611-969E-047F8C3EBD5E}"
EndProject
Global
	GlobalSection(SolutionConfigurationPlatforms) = preSolution
		Debug|Any CPU = Debug|Any CPU
		Release|Any CPU = Release|Any CPU
	EndGlobalSection
	GlobalSection(ProjectConfigurationPlatforms) = postSolution
		{BC83A3F4-D808-4611-969E-047F8C3EBD5E}.Debug|Any CPU.ActiveCfg = Debug|Any CPU
		{BC83A3F4-D808-4611-969E-047F8C3EBD5E}.Debug|Any CPU.Build.0 = Debug|Any CPU
		{BC83A3F4-D808-4611-969E-047F8C3EBD5E}.Release|Any CPU.ActiveCfg = Release|Any CPU
		{BC83A3F4-D808-4611-969E-047F8C3EBD5E}.Release|Any CPU.Build.0 = Release|Any CPU
	EndGlobalSection
	GlobalSection(SolutionProperties) = preSolution
		HideSolutionNode = FALSE
	EndGlobalSection
	GlobalSection(ExtensibilityGlobals) = postSolution
		SolutionGuid = {2B6FF29B-C24D-4AD4-84F8-263ED26A5843}
	EndGlobalSection
EndGlobal
